org_name = "ballerinax"
version = "0.99.0"
lockfile_version = "1.0.0"
ballerina_version = "slp5"

[[imports."ballerina/auth:1.0.1"]]
org_name = "ballerina"
name = "log"
version = "1.0.1"

[[imports."ballerina/auth:1.0.1"]]
org_name = "ballerina"
name = "config"
version = "1.0.1"

[[imports."ballerina/auth:1.0.1"]]
org_name = "ballerina"
name = "crypto"
version = "1.0.1"

[[imports."ballerina/auth:1.0.1"]]
org_name = "ballerina"
name = "stringutils"
version = "0.5.1"

[[imports."ballerina/auth:1.0.1"]]
org_name = "ballerina"
name = "cache"
version = "2.0.1"

[[imports."ballerina/system:0.6.1"]]
org_name = "ballerina"
name = "io"
version = "0.5.1"

[[imports."ballerina/http:1.0.1"]]
org_name = "ballerina"
name = "auth"
version = "1.0.1"

[[imports."ballerina/http:1.0.1"]]
org_name = "ballerina"
name = "cache"
version = "2.0.1"

[[imports."ballerina/http:1.0.1"]]
org_name = "ballerina"
name = "log"
version = "1.0.1"

[[imports."ballerina/http:1.0.1"]]
org_name = "ballerina"
name = "runtime"
version = "0.5.1"

[[imports."ballerina/http:1.0.1"]]
org_name = "ballerina"
name = "reflect"
version = "0.5.1"

[[imports."ballerina/http:1.0.1"]]
org_name = "ballerina"
name = "stringutils"
version = "0.5.1"

[[imports."ballerina/http:1.0.1"]]
org_name = "ballerina"
name = "time"
version = "1.0.2"

[[imports."ballerina/http:1.0.1"]]
org_name = "ballerina"
name = "io"
version = "0.5.1"

[[imports."ballerina/http:1.0.1"]]
org_name = "ballerina"
name = "crypto"
version = "1.0.1"

[[imports."ballerina/http:1.0.1"]]
org_name = "ballerina"
name = "file"
version = "0.5.2"

[[imports."ballerina/http:1.0.1"]]
org_name = "ballerina"
name = "config"
version = "1.0.1"

[[imports."ballerina/http:1.0.1"]]
org_name = "ballerina"
name = "mime"
version = "1.0.1"

[[imports."ballerina/mime:1.0.1"]]
org_name = "ballerina"
name = "io"
version = "0.5.1"

[[imports."ballerina/file:0.5.2"]]
org_name = "ballerina"
name = "time"
version = "1.0.2"

[[imports."ballerinax/googleapis.gmail:0.99.0"]]
org_name = "ballerina"
name = "log"
version = "1.0.1"

[[imports."ballerinax/googleapis.gmail:0.99.0"]]
org_name = "ballerina"
name = "http"
version = "1.0.1"

[[imports."ballerinax/googleapis.gmail:0.99.0"]]
org_name = "ballerina"
name = "io"
version = "0.5.1"

[[imports."ballerinax/googleapis.gmail:0.99.0"]]
org_name = "ballerina"
name = "oauth2"
version = "1.0.1"

[[imports."ballerinax/googleapis.gmail:0.99.0"]]
org_name = "ballerina"
name = "encoding"
version = "1.0.3"

[[imports."ballerinax/googleapis.gmail:0.99.0"]]
org_name = "ballerina"
name = "java.arrays"
version = "0.9.1"

[[imports."ballerinax/googleapis.gmail:0.99.0"]]
org_name = "ballerina"
name = "mime"
version = "1.0.1"

[[imports."ballerina/oauth2:1.0.1"]]
org_name = "ballerina"
name = "auth"
version = "1.0.1"

[[imports."ballerina/oauth2:1.0.1"]]
org_name = "ballerina"
name = "cache"
version = "2.0.1"

[[imports."ballerina/oauth2:1.0.1"]]
org_name = "ballerina"
name = "http"
version = "1.0.1"

[[imports."ballerina/oauth2:1.0.1"]]
org_name = "ballerina"
name = "log"
version = "1.0.1"

[[imports."ballerina/oauth2:1.0.1"]]
org_name = "ballerina"
name = "mime"
version = "1.0.1"

[[imports."ballerina/oauth2:1.0.1"]]
org_name = "ballerina"
name = "stringutils"
version = "0.5.1"

[[imports."ballerina/oauth2:1.0.1"]]
org_name = "ballerina"
name = "time"
version = "1.0.2"

[[imports."ballerina/config:1.0.1"]]
org_name = "ballerina"
name = "stringutils"
version = "0.5.1"

[[imports."ballerina/config:1.0.1"]]
org_name = "ballerina"
name = "system"
version = "0.6.1"

[[imports."ballerina/crypto:1.0.1"]]
org_name = "ballerina"
name = "time"
version = "1.0.2"

[[imports."ballerina/cache:2.0.1"]]
org_name = "ballerina"
name = "task"
version = "1.1.1"

[[imports."ballerina/cache:2.0.1"]]
org_name = "ballerina"
name = "time"
version = "1.0.2"

[[imports."ballerina/cache:2.0.1"]]
org_name = "ballerina"
name = "log"
version = "1.0.1"
